github.com/juandaantoniusapakpahan/countaja v1.0.0 h1:8iTVKpg1io70xyHgYiYkncVDp7GHLFZnOddCPFu/wkw=
github.com/juandaantoniusapakpahan/countaja v1.0.0/go.mod h1:9UsNTkQ9og4fcC9Fhn7lu7mqh/STglqQs0uEuTLNxaY=
github.com/mawitra/suhu v1.0.0 h1:/hsAUrPjEMStaOD3hcK9GmUUFxGSevUiLr4Yl1m7JqU=
github.com/mawitra/suhu v1.0.0/go.mod h1:xz87S9RebgCJUICnllTBDf0kVvNsqhZHXlpOc+ivvmc=
